hash: 21bd82fe4eb8db28aeddbf9623e76debb35218f4c04ab305ef50e2a0d9b9bfaf
updated: 2017-10-26T12:54:35.71865-05:00
imports:
- name: github.com/aristanetworks/goarista
  version: aa6ce169f053a4951175ecedfdecdc1920abd9d3
  subpackages:
  - monotime
- name: github.com/boltdb/bolt
  version: e9cf4fae01b5a8ff89d0ec6b32f0d9c9f79aefdd
- name: github.com/chzyer/readline
  version: 6a4bc7b4feaeff8feb63f87d5fb2cf3e3610a559
- name: github.com/cloudfoundry/gosigar
  version: 14c0a766933d517675369dae6f551f5c1a10f0d8
- name: github.com/davecgh/go-spew
  version: ecdeabc65495df2dec95d7c4a4c3e021903035e5
  subpackages:
  - spew
- name: github.com/dustin/go-humanize
  version: 77ed807830b4df581417e7f89eb81d4872832b72
- name: github.com/getlantern/appdir
  version: 659a155d06e8f3dd8b9f79d6147445897499b56b
- name: github.com/getlantern/byteexec
  version: 4cfb26ec74f460fda433dc06fddfbad7ddee3072
- name: github.com/getlantern/bytemap
  version: 807aefefeb0978ae9572ddfe7ec99b68f3da03e2
- name: github.com/getlantern/context
  version: 624d99b1798d7c5375ea1d3ca4c5b04d58f7c775
- name: github.com/getlantern/elevate
  version: a1e4813b4e263a37d95b569a21cf5a2943acfd26
  subpackages:
  - bin
- name: github.com/getlantern/errors
  version: 99fa440517e8f3d1e4cd8d6dbed6b41f4c1ed3d6
- name: github.com/getlantern/filepersist
  version: c5f0cd24e7991579ba6f5f1bd20a1ad2c9f06cd4
- name: github.com/getlantern/goexpr
  version: 51b3f384ecc855786e02d1ee391ca1c4aceba52e
  subpackages:
  - geo
  - isp
  - isp/ip2location
  - isp/maxmind
  - redis
- name: github.com/getlantern/golog
  version: cca714f7feb5df8e455f409b549d384441ac4578
- name: github.com/getlantern/hex
  version: 083fba3033ad473db3dd31c9bb368473d37581a7
- name: github.com/getlantern/hidden
  version: d52a649ab33af200943bb599898dbdcfdbc94cb7
- name: github.com/getlantern/keyman
  version: 9d65bff0c88a85449195d54c38322e254b2ac34b
  subpackages:
  - certimporter
- name: github.com/getlantern/mtime
  version: ba114e4a82b0d453c15c505073a5896453b5cbd2
- name: github.com/getlantern/ops
  version: 37353306c90844c8e0591956f56611f46299d202
- name: github.com/getlantern/tlsredis
  version: e14f04c41d2ecdeebd3481c0dbfa5c21c8666973
- name: github.com/getlantern/sqlparser
  version: a879d8035f3cd754fdda965da8305bb9d04ec439
  subpackages:
  - dependency/bson
  - dependency/bytes2
  - dependency/hack
  - dependency/sqltypes
- name: github.com/getlantern/stack
  version: 02f928aad224fbccd50d66edd776fc9d1e9f2f2b
- name: github.com/getlantern/tlsdefaults
  version: cf35cfd0b1b460b031536c9846ffcd5f7811dddb
- name: github.com/getlantern/uuid
  version: 1318e7614b82cd38041b0b0bd3692d71f3901fb8
- name: github.com/getlantern/vtime
  version: dc1e573cf9918131774034baa8eade77ef901ea3
- name: github.com/getlantern/wal
  version: b17dbdbead93a94e64755a23855663cd8ff194d5
- name: github.com/getlantern/yaml
  version: 97d86b60f57eeca9d70c02763ed2565bafc17585
- name: github.com/go-ole/go-ole
  version: de8695c8edbf8236f30d6e1376e20b198a028d42
  subpackages:
  - oleutil
- name: github.com/golang/protobuf
  version: 1643683e1b54a9e88ad26d98f81400c8c9d9f4f9
  subpackages:
  - proto
  - ptypes/any
- name: github.com/golang/snappy
  version: 553a641470496b2327abcac10b36396bd98e45c9
- name: github.com/gorilla/context
  version: 08b5f424b9271eedf6f9f0ce86cb9396ed337a42
- name: github.com/gorilla/mux
  version: 7625a85c14e615274a4ee4bc8654f72310a563e4
- name: github.com/gorilla/securecookie
  version: e59506cc896acb7f7bf732d4fdf5e25f7ccd8983
- name: github.com/hashicorp/golang-lru
  version: 0a025b7e63adc15a622f29b0b2c4c3848243bbf6
  subpackages:
  - simplelru
- name: github.com/jmcvetta/randutil
  version: 2bb1b664bcff821e02b2a0644cd29c7e824d54f8
- name: github.com/oschwald/geoip2-golang
  version: 5b1dc16861f81d05d9836bb21c2d0d65282fc0b8
- name: github.com/oschwald/maxminddb-golang
  version: 26fe5ace1c706491c2936119e1dc69c1a9c04d7f
- name: github.com/oxtoacart/bpool
  version: 4e1c5567d7c2dd59fa4c7c83d34c2f3528b025d6
- name: github.com/oxtoacart/emsort
  version: e467347e335434365584bc76ce22b8d23190da6e
- name: github.com/retailnext/hllpp
  version: 6e8b6d394466a6f3719bcd7f14988bbfb02ff087
- name: github.com/rickar/props
  version: 0b06aeb2f03788f2d5c2ec1c87168567b08bfb89
- name: github.com/shirou/gopsutil
  version: d371ba1293cb48fedc6850526ea48b3846c54f2c
  subpackages:
  - cpu
  - host
  - internal/common
  - mem
  - net
  - process
- name: github.com/shirou/w32
  version: bb4de0191aa41b5507caa14b0650cdbddcd9280b
- name: github.com/spaolacci/murmur3
  version: 9f5d223c60793748f04a9d5b4b4eacddfc1f755d
- name: github.com/StackExchange/wmi
  version: 9f32b5905fd6ce7384093f9d048437e79f7b4d85
- name: github.com/vharitonsky/iniflags
  version: e586d5c5197c636313580bf6eb2f54522bd65147
- name: github.com/Workiva/go-datastructures
  version: e740680cc77dafd9615b25918b39f4a0ef5ab955
  subpackages:
  - trie/xfast
  - trie/yfast
- name: github.com/xwb1989/sqlparser
  version: 2aa132b0cf719e2ed774cbe23342a4604357a01e
  subpackages:
  - dependency/hack
- name: golang.org/x/net
  version: 4b14673ba32bee7f5ac0f990a48f033919fd418b
  repo: https://github.com/golang/net
  vcs: git
  subpackages:
  - context
  - http2
  - http2/hpack
  - idna
  - internal/timeseries
  - lex/httplex
  - trace
- name: golang.org/x/sys
  version: a1a1f1746d156bbc9954f29134b20ed4ce2752f1
  repo: https://github.com/golang/sys
  vcs: git
  subpackages:
  - unix
  - windows
- name: golang.org/x/text
  version: 6eab0e8f74e86c598ec3b6fad4888e0c11482d48
  subpackages:
  - secure/bidirule
  - transform
  - unicode/bidi
  - unicode/norm
- name: google.golang.org/appengine
  version: a2e0dc829727a4f957a7428b1f322805cfc1f362
  subpackages:
  - datastore
  - internal
  - internal/app_identity
  - internal/base
  - internal/datastore
  - internal/log
  - internal/modules
  - internal/remote_api
- name: google.golang.org/genproto
  version: f676e0f3ac6395ff1a529ae59a6670878a8371a6
  subpackages:
  - googleapis/rpc/status
- name: google.golang.org/grpc
  version: 3c33c26290b747350f8650c7d38bcc51b42dc785
  subpackages:
  - codes
  - credentials
  - grpclb/grpc_lb_v1
  - grpclog
  - internal
  - keepalive
  - metadata
  - naming
  - peer
  - stats
  - status
  - tap
  - transport
- name: gopkg.in/redis.v5
  version: a16aeec10ff407b1e7be6dd35797ccf5426ef0f0
  subpackages:
  - internal
  - internal/consistenthash
  - internal/hashtag
  - internal/pool
  - internal/proto
- name: gopkg.in/vmihailenco/msgpack.v2
  version: f4f8982de4ef0de18be76456617cc3f5d8d8141e
  subpackages:
  - codes
testImports:
- name: github.com/kylelemons/godebug
  version: a616ab194758ae0a11290d87ca46ee8c440117b0
  subpackages:
  - diff
  - pretty
- name: github.com/pmezard/go-difflib
  version: d8ed2627bdf02c080bf22230dbb337003b7aba2d
  subpackages:
  - difflib
- name: github.com/stretchr/testify
  version: 2aa2c176b9dab406a6970f6a55f513e8a8c8b18f
  subpackages:
  - assert
