hash: 443101f2592b9eedc8d12361531badd852cb6dff48c1c890e74971623eb58031
updated: 2016-09-21T20:34:18.104228015-05:00
imports:
- name: github.com/chzyer/readline
  version: 283f5429f7723ac628cb68a44a11097c11a7a9c1
- name: github.com/davecgh/go-spew
  version: 6d212800a42e8ab5c146b8ace3490ee17e5225f9
  subpackages:
  - spew
- name: github.com/dustin/go-humanize
  version: 2fcb5204cdc65b4bec9fd0a87606bb0d0e3c54e8
- name: github.com/getlantern/appdir
  version: 659a155d06e8f3dd8b9f79d6147445897499b56b
- name: github.com/getlantern/bytemap
  version: 158dc9154759e2fe0799892e2a82be17ddc86388
- name: github.com/getlantern/context
  version: 624d99b1798d7c5375ea1d3ca4c5b04d58f7c775
- name: github.com/getlantern/errors
  version: 99fa440517e8f3d1e4cd8d6dbed6b41f4c1ed3d6
- name: github.com/getlantern/goexpr
  version: fb329f7f68b5227fb8ce8df15557ef1c8f5faea4
  subpackages:
  - geo
  - isp
- name: github.com/getlantern/golog
  version: e69a4a00c012e476efd814128cdcd4e04e641dc7
- name: github.com/getlantern/hex
  version: 083fba3033ad473db3dd31c9bb368473d37581a7
- name: github.com/getlantern/hidden
  version: d52a649ab33af200943bb599898dbdcfdbc94cb7
- name: github.com/getlantern/ops
  version: b70875f5d689a9438bca72aefd7142a2af889b18
- name: github.com/getlantern/sqlparser
  version: c80bd0ee9fa96f375cdf8797b7441d66d79fef3d
- name: github.com/getlantern/stack
  version: 02f928aad224fbccd50d66edd776fc9d1e9f2f2b
- name: github.com/getlantern/vtime
  version: dc1e573cf9918131774034baa8eade77ef901ea3
- name: github.com/getlantern/wal
  version: 086227609bad3148d1e4cdf441a8be96555e37e1
- name: github.com/getlantern/yaml
  version: 97d86b60f57eeca9d70c02763ed2565bafc17585
- name: github.com/getlantern/zenodb
  version: c1eb6ee621a12dade9e9de6ac7e5771e25ea93e4
  subpackages:
  - bytetree
  - encoding
  - expr
  - sql
  - rpc
- name: github.com/golang/protobuf
  version: 1f49d83d9aa00e6ce4fc8258c71cc7786aec968a
  subpackages:
  - proto
- name: github.com/golang/snappy
  version: d9eb7a3d35ec988b8585d4a0068e462c27d28380
- name: github.com/gorilla/context
  version: 08b5f424b9271eedf6f9f0ce86cb9396ed337a42
- name: github.com/gorilla/mux
  version: 757bef944d0f21880861c2dd9c871ca543023cba
- name: github.com/jmcvetta/randutil
  version: 2bb1b664bcff821e02b2a0644cd29c7e824d54f8
- name: github.com/oschwald/geoip2-golang
  version: 496a3cbcb65a3cb54497fe4ae2273319e85160a4
- name: github.com/oschwald/maxminddb-golang
  version: 2af0544f8e032bc7a363e897fbd9c6ed4884a1d6
- name: github.com/oxtoacart/bpool
  version: 4e1c5567d7c2dd59fa4c7c83d34c2f3528b025d6
- name: github.com/oxtoacart/emsort
  version: e467347e335434365584bc76ce22b8d23190da6e
- name: github.com/Workiva/go-datastructures
  version: 9398e38ebb7eb017f923e6aca1e0f5aa32461685
  subpackages:
  - trie/yfast
  - trie/xfast
- name: github.com/xwb1989/sqlparser
  version: dbfc8580724c42e86a20e9586b75a65b806cd88b
  subpackages:
  - dependency/sqltypes
  - dependency/bson
  - dependency/bytes2
  - dependency/hack
- name: golang.org/x/net
  version: 6d3beaea10370160dea67f5c9327ed791afd5389
  subpackages:
  - context
  - http2
  - trace
  - http2/hpack
  - idna
  - lex/httplex
  - internal/timeseries
- name: golang.org/x/sys
  version: 8f0908ab3b2457e2e15403d3697c9ef5cb4b57a9
  subpackages:
  - unix
  - windows
- name: google.golang.org/appengine
  version: 78199dcb0669fc381c22e919e1e97eba879e8f60
  subpackages:
  - datastore
  - internal
  - internal/datastore
  - internal/app_identity
  - internal/modules
  - internal/base
  - internal/log
  - internal/remote_api
- name: google.golang.org/grpc
  version: 71d2ea4f75286a63b606aca2422cd17ff37fd5b8
  subpackages:
  - codes
  - credentials
  - grpclog
  - internal
  - metadata
  - naming
  - transport
  - peer
- name: gopkg.in/vmihailenco/msgpack.v2
  version: 38f3708c44f1402aeb2f137dd9a9dfb12bae2204
  subpackages:
  - codes
devImports: []
