# This file is autogenerated, do not edit; changes may be undone by the next 'dep ensure'.


[[projects]]
  branch = "master"
  name = "github.com/StackExchange/wmi"
  packages = ["."]
  revision = "cdffdb33acae0e14efff2628f9bae377b597840e"

[[projects]]
  name = "github.com/Workiva/go-datastructures"
  packages = [
    "trie/xfast",
    "trie/yfast"
  ]
  revision = "01f52d4880ca171ab1033bb0ee03cda8e0a31cc3"
  version = "v1.0.46"

[[projects]]
  name = "github.com/aristanetworks/goarista"
  packages = ["monotime"]
  revision = "d6a6101ae3096913e99232724ccc9ddea66cadc3"

[[projects]]
  branch = "master"
  name = "github.com/boltdb/bolt"
  packages = ["."]
  revision = "fd01fc79c553a8e99d512a07e8e0c63d4a3ccfc5"

[[projects]]
  branch = "master"
  name = "github.com/chzyer/readline"
  packages = ["."]
  revision = "f6d7a1f6fbf35bbf9beb80dc63c56a29dcfb759f"

[[projects]]
  branch = "master"
  name = "github.com/cloudfoundry/gosigar"
  packages = [
    ".",
    "sys/windows"
  ]
  revision = "1375283248c3c5fa82163113c0ef15e79390f644"

[[projects]]
  branch = "master"
  name = "github.com/codahale/hdrhistogram"
  packages = ["."]
  revision = "3a0bb77429bd3a61596f5e8a3172445844342120"

[[projects]]
  branch = "master"
  name = "github.com/davecgh/go-spew"
  packages = ["spew"]
  revision = "8991bc29aa16c548c550c7ff78260e27b9ab7c73"

[[projects]]
  name = "github.com/dustin/go-humanize"
  packages = ["."]
  revision = "bb3d318650d48840a39aa21a027c6630e198e626"

[[projects]]
  branch = "master"
  name = "github.com/getlantern/appdir"
  packages = ["."]
  revision = "7c0f9d241ea78ff68bf3aecfe2ea2009ff8500cf"

[[projects]]
  branch = "master"
  name = "github.com/getlantern/byteexec"
  packages = ["."]
  revision = "4cfb26ec74f460fda433dc06fddfbad7ddee3072"

[[projects]]
  branch = "master"
  name = "github.com/getlantern/bytemap"
  packages = ["."]
  revision = "c7bf952233bcc421fcbd185f601e117d45df89c7"

[[projects]]
  branch = "master"
  name = "github.com/getlantern/context"
  packages = ["."]
  revision = "624d99b1798d7c5375ea1d3ca4c5b04d58f7c775"

[[projects]]
  branch = "master"
  name = "github.com/getlantern/elevate"
  packages = [
    ".",
    "bin"
  ]
  revision = "c2e2e4901072d1f7e9f525426735acfab5fd9cdd"

[[projects]]
  branch = "master"
  name = "github.com/getlantern/errors"
  packages = ["."]
  revision = "e9c0296368b736086adb20832549567064224854"

[[projects]]
  branch = "master"
  name = "github.com/getlantern/filepersist"
  packages = ["."]
  revision = "c5f0cd24e7991579ba6f5f1bd20a1ad2c9f06cd4"

[[projects]]
  branch = "master"
  name = "github.com/getlantern/goexpr"
  packages = [
    ".",
    "geo",
    "isp",
    "isp/ip2location",
    "isp/maxmind",
    "redis"
  ]
  revision = "610eae7c731492a5a32548ba652d7d998ce4400b"

[[projects]]
  branch = "master"
  name = "github.com/getlantern/golog"
  packages = ["."]
  revision = "cca714f7feb5df8e455f409b549d384441ac4578"

[[projects]]
  branch = "master"
  name = "github.com/getlantern/hex"
  packages = ["."]
  revision = "083fba3033ad473db3dd31c9bb368473d37581a7"

[[projects]]
  branch = "master"
  name = "github.com/getlantern/hidden"
  packages = ["."]
  revision = "d52a649ab33af200943bb599898dbdcfdbc94cb7"

[[projects]]
  branch = "master"
  name = "github.com/getlantern/keyman"
  packages = [
    ".",
    "certimporter"
  ]
  revision = "f55e7280e93a8802a175e9c4beccad873f3fdf43"

[[projects]]
  branch = "master"
  name = "github.com/getlantern/msgpack"
  packages = [
    ".",
    "codes"
  ]
  revision = "922e6dcf94043edab4e690df4aa2016117f92fb7"

[[projects]]
  branch = "master"
  name = "github.com/getlantern/mtime"
  packages = ["."]
  revision = "ba114e4a82b0d453c15c505073a5896453b5cbd2"

[[projects]]
  branch = "master"
  name = "github.com/getlantern/ops"
  packages = ["."]
  revision = "37353306c90844c8e0591956f56611f46299d202"

[[projects]]
  branch = "master"
  name = "github.com/getlantern/sqlparser"
  packages = [
    ".",
    "dependency/bson",
    "dependency/bytes2",
    "dependency/hack",
    "dependency/sqltypes"
  ]
  revision = "a879d8035f3cd754fdda965da8305bb9d04ec439"

[[projects]]
  branch = "master"
  name = "github.com/getlantern/stack"
  packages = ["."]
  revision = "02f928aad224fbccd50d66edd776fc9d1e9f2f2b"

[[projects]]
  branch = "master"
  name = "github.com/getlantern/tlsdefaults"
  packages = ["."]
  revision = "cf35cfd0b1b460b031536c9846ffcd5f7811dddb"

[[projects]]
  branch = "master"
  name = "github.com/getlantern/tlsredis"
  packages = ["."]
  revision = "5d4ed6dd3836cd7e1210a52da62ba4c4a923bfd7"

[[projects]]
  branch = "master"
  name = "github.com/getlantern/uuid"
  packages = ["."]
  revision = "1318e7614b82cd38041b0b0bd3692d71f3901fb8"

[[projects]]
  branch = "master"
  name = "github.com/getlantern/vtime"
  packages = ["."]
  revision = "dc1e573cf9918131774034baa8eade77ef901ea3"

[[projects]]
  branch = "master"
  name = "github.com/getlantern/wal"
  packages = ["."]
  revision = "e99945fbd2d236833907d9539e79b7a8ea604b04"

[[projects]]
  name = "github.com/getlantern/yaml"
  packages = ["."]
  revision = "97d86b60f57eeca9d70c02763ed2565bafc17585"
  version = "v1"

[[projects]]
  branch = "master"
  name = "github.com/go-ole/go-ole"
  packages = [
    ".",
    "oleutil"
  ]
  revision = "a1ec82a652ebc7e784d7df887cfb31061aeabbcc"

[[projects]]
  name = "github.com/golang/protobuf"
  packages = [
    "proto",
    "ptypes",
    "ptypes/any",
    "ptypes/duration",
    "ptypes/timestamp"
  ]
  revision = "e09c5db296004fbe3f74490e84dcd62c3c5ddb1b"

[[projects]]
  branch = "master"
  name = "github.com/golang/snappy"
  packages = ["."]
  revision = "553a641470496b2327abcac10b36396bd98e45c9"

[[projects]]
  branch = "master"
  name = "github.com/gorilla/context"
  packages = ["."]
  revision = "08b5f424b9271eedf6f9f0ce86cb9396ed337a42"

[[projects]]
  name = "github.com/gorilla/mux"
  packages = ["."]
  revision = "b57cb1605fd11ba2ecfa7f68992b4b9cc791934d"

[[projects]]
  name = "github.com/gorilla/securecookie"
  packages = ["."]
  revision = "e59506cc896acb7f7bf732d4fdf5e25f7ccd8983"
  version = "v1.1.1"

[[projects]]
  branch = "master"
  name = "github.com/hashicorp/golang-lru"
  packages = [
    ".",
    "simplelru"
  ]
  revision = "0fb14efe8c47ae851c0034ed7a448854d3d34cf3"

[[projects]]
  branch = "master"
  name = "github.com/jmcvetta/randutil"
  packages = ["."]
  revision = "2bb1b664bcff821e02b2a0644cd29c7e824d54f8"

[[projects]]
  branch = "master"
  name = "github.com/kylelemons/godebug"
  packages = [
    "diff",
    "pretty"
  ]
  revision = "d65d576e9348f5982d7f6d83682b694e731a45c6"

[[projects]]
  branch = "master"
  name = "github.com/mitchellh/go-homedir"
  packages = ["."]
  revision = "b8bc1bf767474819792c23f32d8286a45736f1c6"

[[projects]]
  name = "github.com/oschwald/geoip2-golang"
  packages = ["."]
  revision = "7118115686e16b77967cdbf55d1b944fe14ad312"
  version = "v1.2.1"

[[projects]]
  name = "github.com/oschwald/maxminddb-golang"
  packages = ["."]
  revision = "c5bec84d1963260297932a1b7a1753c8420717a7"
  version = "v1.3.0"

[[projects]]
  branch = "master"
  name = "github.com/oxtoacart/bpool"
  packages = ["."]
  revision = "4e1c5567d7c2dd59fa4c7c83d34c2f3528b025d6"

[[projects]]
  branch = "master"
  name = "github.com/oxtoacart/emsort"
  packages = ["."]
  revision = "e467347e335434365584bc76ce22b8d23190da6e"

[[projects]]
  branch = "master"
  name = "github.com/pkg/errors"
  packages = ["."]
  revision = "816c9085562cd7ee03e7f8188a1cfd942858cded"

[[projects]]
  name = "github.com/pmezard/go-difflib"
  packages = ["difflib"]
  revision = "792786c7400a136282c1664665ae0a8db921c6c2"
  version = "v1.0.0"

[[projects]]
  branch = "master"
  name = "github.com/retailnext/hllpp"
  packages = ["."]
  revision = "101a6d2f8b52abfc409ac188958e7e7be0116331"

[[projects]]
  branch = "master"
  name = "github.com/rickar/props"
  packages = ["."]
  revision = "0b06aeb2f03788f2d5c2ec1c87168567b08bfb89"

[[projects]]
  name = "github.com/shirou/gopsutil"
  packages = [
    "cpu",
    "host",
    "internal/common",
    "mem",
    "net",
    "process"
  ]
  revision = "63047d776e07105e370af46ecbd0ae96850f5ef2"

[[projects]]
  branch = "master"
  name = "github.com/shirou/w32"
  packages = ["."]
  revision = "bb4de0191aa41b5507caa14b0650cdbddcd9280b"

[[projects]]
  branch = "master"
  name = "github.com/spaolacci/murmur3"
  packages = ["."]
  revision = "f09979ecbc725b9e6d41a297405f65e7e8804acc"

[[projects]]
  name = "github.com/stretchr/testify"
  packages = ["assert"]
  revision = "69483b4bd14f5845b5a1e55bca19e954e827f1d0"
  version = "v1.1.4"

[[projects]]
  branch = "master"
  name = "github.com/vharitonsky/iniflags"
  packages = ["."]
  revision = "e2b4a6da96d46d6660e977fe22eda5ea0f2b35d2"

[[projects]]
  branch = "master"
  name = "github.com/xwb1989/sqlparser"
  packages = ["dependency/hack"]
  revision = "da747e0c62c4e145ebd7484cf69f92c0dd192305"

[[projects]]
  name = "golang.org/x/crypto"
  packages = [
    "acme",
    "acme/autocert"
  ]
  revision = "d6449816ce06963d9d136eee5a56fca5b0616e7e"

[[projects]]
  name = "golang.org/x/net"
  packages = [
    "context",
    "http/httpguts",
    "http2",
    "http2/hpack",
    "idna",
    "internal/timeseries",
    "lex/httplex",
    "trace"
  ]
  revision = "8d16fa6dc9a85c1cd3ed24ad08ff21cf94f10888"
  source = "https://github.com/golang/net"

[[projects]]
  name = "golang.org/x/sys"
  packages = [
    "unix",
    "windows"
  ]
  revision = "ecfd8b563e1320e7282dccf28ad48ec2c68aaebf"

[[projects]]
  branch = "master"
  name = "golang.org/x/text"
  packages = [
    "collate",
    "collate/build",
    "internal/colltab",
    "internal/gen",
    "internal/language",
    "internal/language/compact",
    "internal/tag",
    "internal/triegen",
    "internal/ucd",
    "language",
    "secure/bidirule",
    "transform",
    "unicode/bidi",
    "unicode/cldr",
    "unicode/norm",
    "unicode/rangetable"
  ]
  revision = "7922cc490dd5a7dbaa7fd5d6196b49db59ac042f"

[[projects]]
  name = "google.golang.org/appengine"
  packages = [
    ".",
    "datastore",
    "internal",
    "internal/app_identity",
    "internal/base",
    "internal/datastore",
    "internal/log",
    "internal/modules",
    "internal/remote_api"
  ]
  revision = "0a24098c0ec68416ec050f567f75df563d6b231e"

[[projects]]
  name = "google.golang.org/genproto"
  packages = ["googleapis/rpc/status"]
  revision = "7fd901a49ba6a7f87732eb344f6e3c5b19d1b200"

[[projects]]
  name = "google.golang.org/grpc"
  packages = [
    ".",
    "balancer",
    "balancer/base",
    "balancer/roundrobin",
    "channelz",
    "codes",
    "connectivity",
    "credentials",
    "encoding",
    "encoding/proto",
    "grpclb/grpc_lb_v1/messages",
    "grpclog",
    "internal",
    "keepalive",
    "metadata",
    "naming",
    "peer",
    "resolver",
    "resolver/dns",
    "resolver/passthrough",
    "stats",
    "status",
    "tap",
    "transport"
  ]
  revision = "5d8897144f741c0358f5f194503db84142d0a985"

[[projects]]
  name = "gopkg.in/redis.v5"
  packages = [
    ".",
    "internal",
    "internal/consistenthash",
    "internal/hashtag",
    "internal/pool",
    "internal/proto"
  ]
  revision = "a16aeec10ff407b1e7be6dd35797ccf5426ef0f0"
  version = "v5.2.9"

[solve-meta]
  analyzer-name = "dep"
  analyzer-version = 1
  inputs-digest = "9663662dc80461c54e1b40d62cba70d3f7dc27634690fe352e7ef5b0ee1376b1"
  solver-name = "gps-cdcl"
  solver-version = 1
